{
  "lockfileVersion": 1,
  "configVersion": 0,
  "workspaces": {
    "": {
      "devDependencies": {
        "@herb-tools/linter": "^0.9.5",
        "playwright": "^1.50.0",
      },
    },
  },
  "packages": {
    "@herb-tools/config": ["@herb-tools/config@0.9.5", "", { "dependencies": { "@herb-tools/core": "0.9.5", "picomatch": "^4.0.4", "tinyglobby": "^0.2.15", "yaml": "^2.8.3" } }, "sha512-tVUvgxHZgoKSOChotYEIn8iNquavTd6RgzOfRk7NSokXlVpHOYf2wF94X+nGS0cDyj6pOxTIae9RF6LPAbRVEg=="],

    "@herb-tools/core": ["@herb-tools/core@0.9.5", "", {}, "sha512-YgPunnLxCu3L5IrZkPFFyp32jNSThIBbqhdXyJyFBXn4/36gWHu19SKXXfoHx/fQvFP5HkX30IvkF4LGV3MH2g=="],

    "@herb-tools/highlighter": ["@herb-tools/highlighter@0.9.5", "", { "dependencies": { "@herb-tools/core": "0.9.5", "@herb-tools/node-wasm": "0.9.5" }, "bin": { "herb-highlight": "bin/herb-highlight" } }, "sha512-B2Mm6v4eGzVFpWlKk0O4m8PvMz/8bubOlR85eBDoAnGy2KcWacBSEIyX/y2VXVmp7QH9D3ugbQ8EEVgDFNccvg=="],

    "@herb-tools/linter": ["@herb-tools/linter@0.9.5", "", { "dependencies": { "@herb-tools/config": "0.9.5", "@herb-tools/core": "0.9.5", "@herb-tools/highlighter": "0.9.5", "@herb-tools/node-wasm": "0.9.5", "@herb-tools/printer": "0.9.5", "@herb-tools/rewriter": "0.9.5", "picomatch": "^4.0.4", "tinyglobby": "^0.2.15" }, "bin": { "herb-lint": "bin/herb-lint" } }, "sha512-XUc0HPRdwCtMFq9+a/dlIRAHgRZ69hiwnlU7F1h53DdeyL41ZGkpFRM+p7DAc+dj62EMVkK150OWIocmLUgw+w=="],

    "@herb-tools/node-wasm": ["@herb-tools/node-wasm@0.9.5", "", { "dependencies": { "@herb-tools/core": "0.9.5" } }, "sha512-BlFhsR5W5RuMQTBZeKPXEKhoJI8vbVuiZH7797CiDJ2BEhousFbSLjYr2fCTSseRY37caFP/m7/VVA4vZYVduw=="],

    "@herb-tools/printer": ["@herb-tools/printer@0.9.5", "", { "dependencies": { "@herb-tools/core": "0.9.5", "tinyglobby": "^0.2.15" }, "bin": { "herb-print": "bin/herb-print" } }, "sha512-8Ftj3qoVOdNtpwuJWmUgrl6SV2ObsR9IEfuDbAs/yL0rr3mqtAtk5wkOqrx0xiwHxNFW0JB9zTTgY6zCFMJFhg=="],

    "@herb-tools/rewriter": ["@herb-tools/rewriter@0.9.5", "", { "dependencies": { "@herb-tools/core": "0.9.5", "@herb-tools/tailwind-class-sorter": "0.9.5", "tinyglobby": "^0.2.15" } }, "sha512-XtUqheyHZtE1gTL8PPEMneOaM6b1LndXBkeTk+PNUIG2NnZsU33ERPbbKQW48YkoA3HzMrBIM19zU0xvkmRaKA=="],

    "@herb-tools/tailwind-class-sorter": ["@herb-tools/tailwind-class-sorter@0.9.5", "", { "dependencies": { "clear-module": "^4.1.2", "escalade": "^3.2.0", "jiti": "^2.5.1", "postcss": "^8.5.8", "postcss-import": "^16.1.1" }, "peerDependencies": { "tailwindcss": "^3.0 || ^4.0" } }, "sha512-xtFMknhguJbBOeNpXxAsdDJe5C4qUyi4+q/LqpU3/l0J5+8LXEYO+9Iy2F0C/QTGkdm9fHGNUQtiQWj1xTRuKg=="],

    "callsites": ["callsites@3.1.0", "", {}, "sha512-P8BjAsXvZS+VIDUI11hHCQEv74YT67YUi5JJFNWIqL235sBmjX4+qx9Muvls5ivyNENctx46xQLQ3aTuE7ssaQ=="],

    "clear-module": ["clear-module@4.1.2", "", { "dependencies": { "parent-module": "^2.0.0", "resolve-from": "^5.0.0" } }, "sha512-LWAxzHqdHsAZlPlEyJ2Poz6AIs384mPeqLVCru2p0BrP9G/kVGuhNyZYClLO6cXlnuJjzC8xtsJIuMjKqLXoAw=="],

    "escalade": ["escalade@3.2.0", "", {}, "sha512-WUj2qlxaQtO4g6Pq5c29GTcWGDyd8itL8zTlipgECz3JesAiiOKotd8JU6otB3PACgG6xkJUyVhboMS+bje/jA=="],

    "fdir": ["fdir@6.5.0", "", { "peerDependencies": { "picomatch": "^3 || ^4" }, "optionalPeers": ["picomatch"] }, "sha512-tIbYtZbucOs0BRGqPJkshJUYdL+SDH7dVM8gjy+ERp3WAUjLEFJE+02kanyHtwjWOnwrKYBiwAmM0p4kLJAnXg=="],

    "fsevents": ["fsevents@2.3.2", "", { "os": "darwin" }, "sha512-xiqMQR4xAeHTuB9uWm+fFRcIOgKBMiOBP+eXiyT7jsgVCq1bkVygt00oASowB7EdtpOHaaPgKt812P9ab+DDKA=="],

    "function-bind": ["function-bind@1.1.2", "", {}, "sha512-7XHNxH7qX9xG5mIwxkhumTox/MIRNcOgDrxWsMt2pAr23WHp6MrRlN7FBSFpCpr+oVO0F744iUgR82nJMfG2SA=="],

    "hasown": ["hasown@2.0.2", "", { "dependencies": { "function-bind": "^1.1.2" } }, "sha512-0hJU9SCPvmMzIBdZFqNPXWa6dqh7WdH0cII9y+CyS8rG3nL48Bclra9HmKhVVUHyPWNH5Y7xDwAB7bfgSjkUMQ=="],

    "is-core-module": ["is-core-module@2.16.1", "", { "dependencies": { "hasown": "^2.0.2" } }, "sha512-UfoeMA6fIJ8wTYFEUjelnaGI67v6+N7qXJEvQuIGa99l4xsCruSYOVSQ0uPANn4dAzm8lkYPaKLrrijLq7x23w=="],

    "jiti": ["jiti@2.6.1", "", { "bin": { "jiti": "lib/jiti-cli.mjs" } }, "sha512-ekilCSN1jwRvIbgeg/57YFh8qQDNbwDb9xT/qu2DAHbFFZUicIl4ygVaAvzveMhMVr3LnpSKTNnwt8PoOfmKhQ=="],

    "nanoid": ["nanoid@3.3.11", "", { "bin": { "nanoid": "bin/nanoid.cjs" } }, "sha512-N8SpfPUnUp1bK+PMYW8qSWdl9U+wwNWI4QKxOYDy9JAro3WMX7p2OeVRF9v+347pnakNevPmiHhNmZ2HbFA76w=="],

    "parent-module": ["parent-module@2.0.0", "", { "dependencies": { "callsites": "^3.1.0" } }, "sha512-uo0Z9JJeWzv8BG+tRcapBKNJ0dro9cLyczGzulS6EfeyAdeC9sbojtW6XwvYxJkEne9En+J2XEl4zyglVeIwFg=="],

    "path-parse": ["path-parse@1.0.7", "", {}, "sha512-LDJzPVEEEPR+y48z93A0Ed0yXb8pAByGWo/k5YYdYgpY2/2EsOsksJrq7lOHxryrVOn1ejG6oAp8ahvOIQD8sw=="],

    "picocolors": ["picocolors@1.1.1", "", {}, "sha512-xceH2snhtb5M9liqDsmEw56le376mTZkEX/jEb/RxNFyegNul7eNslCXP9FDj/Lcu0X8KEyMceP2ntpaHrDEVA=="],

    "picomatch": ["picomatch@4.0.4", "", {}, "sha512-QP88BAKvMam/3NxH6vj2o21R6MjxZUAd6nlwAS/pnGvN9IVLocLHxGYIzFhg6fUQ+5th6P4dv4eW9jX3DSIj7A=="],

    "pify": ["pify@2.3.0", "", {}, "sha512-udgsAY+fTnvv7kI7aaxbqwWNb0AHiB0qBO89PZKPkoTmGOgdbrHDKD+0B2X4uTfJ/FT1R09r9gTsjUjNJotuog=="],

    "playwright": ["playwright@1.58.2", "", { "dependencies": { "playwright-core": "1.58.2" }, "optionalDependencies": { "fsevents": "2.3.2" }, "bin": "cli.js" }, "sha512-vA30H8Nvkq/cPBnNw4Q8TWz1EJyqgpuinBcHET0YVJVFldr8JDNiU9LaWAE1KqSkRYazuaBhTpB5ZzShOezQ6A=="],

    "playwright-core": ["playwright-core@1.58.2", "", { "bin": "cli.js" }, "sha512-yZkEtftgwS8CsfYo7nm0KE8jsvm6i/PTgVtB8DL726wNf6H2IMsDuxCpJj59KDaxCtSnrWan2AeDqM7JBaultg=="],

    "postcss": ["postcss@8.5.8", "", { "dependencies": { "nanoid": "^3.3.11", "picocolors": "^1.1.1", "source-map-js": "^1.2.1" } }, "sha512-OW/rX8O/jXnm82Ey1k44pObPtdblfiuWnrd8X7GJ7emImCOstunGbXUpp7HdBrFQX6rJzn3sPT397Wp5aCwCHg=="],

    "postcss-import": ["postcss-import@16.1.1", "", { "dependencies": { "postcss-value-parser": "^4.0.0", "read-cache": "^1.0.0", "resolve": "^1.1.7" }, "peerDependencies": { "postcss": "^8.0.0" } }, "sha512-2xVS1NCZAfjtVdvXiyegxzJ447GyqCeEI5V7ApgQVOWnros1p5lGNovJNapwPpMombyFBfqDwt7AD3n2l0KOfQ=="],

    "postcss-value-parser": ["postcss-value-parser@4.2.0", "", {}, "sha512-1NNCs6uurfkVbeXG4S8JFT9t19m45ICnif8zWLd5oPSZ50QnwMfK+H3jv408d4jw/7Bttv5axS5IiHoLaVNHeQ=="],

    "read-cache": ["read-cache@1.0.0", "", { "dependencies": { "pify": "^2.3.0" } }, "sha512-Owdv/Ft7IjOgm/i0xvNDZ1LrRANRfew4b2prF3OWMQLxLfu3bS8FVhCsrSCMK4lR56Y9ya+AThoTpDCTxCmpRA=="],

    "resolve": ["resolve@1.22.11", "", { "dependencies": { "is-core-module": "^2.16.1", "path-parse": "^1.0.7", "supports-preserve-symlinks-flag": "^1.0.0" }, "bin": { "resolve": "bin/resolve" } }, "sha512-RfqAvLnMl313r7c9oclB1HhUEAezcpLjz95wFH4LVuhk9JF/r22qmVP9AMmOU4vMX7Q8pN8jwNg/CSpdFnMjTQ=="],

    "resolve-from": ["resolve-from@5.0.0", "", {}, "sha512-qYg9KP24dD5qka9J47d0aVky0N+b4fTU89LN9iDnjB5waksiC49rvMB0PrUJQGoTmH50XPiqOvAjDfaijGxYZw=="],

    "source-map-js": ["source-map-js@1.2.1", "", {}, "sha512-UXWMKhLOwVKb728IUtQPXxfYU+usdybtUrK/8uGE8CQMvrhOpwvzDBwj0QhSL7MQc7vIsISBG8VQ8+IDQxpfQA=="],

    "supports-preserve-symlinks-flag": ["supports-preserve-symlinks-flag@1.0.0", "", {}, "sha512-ot0WnXS9fgdkgIcePe6RHNk1WA8+muPa6cSjeR3V8K27q9BB1rTE3R1p7Hv0z1ZyAc8s6Vvv8DIyWf681MAt0w=="],

    "tailwindcss": ["tailwindcss@4.2.2", "", {}, "sha512-KWBIxs1Xb6NoLdMVqhbhgwZf2PGBpPEiwOqgI4pFIYbNTfBXiKYyWoTsXgBQ9WFg/OlhnvHaY+AEpW7wSmFo2Q=="],

    "tinyglobby": ["tinyglobby@0.2.15", "", { "dependencies": { "fdir": "^6.5.0", "picomatch": "^4.0.3" } }, "sha512-j2Zq4NyQYG5XMST4cbs02Ak8iJUdxRM0XI5QyxXuZOzKOINmWurp3smXu3y5wDcJrptwpSjgXHzIQxR0omXljQ=="],

    "yaml": ["yaml@2.8.3", "", { "bin": { "yaml": "bin.mjs" } }, "sha512-AvbaCLOO2Otw/lW5bmh9d/WEdcDFdQp2Z2ZUH3pX9U2ihyUY0nvLv7J6TrWowklRGPYbB/IuIMfYgxaCPg5Bpg=="],
  }
}
